# This file is automatically @generated by Cargo.
# It is not intended for manual editing.
version = 3

[[package]]
name = "heck"
version = "0.4.0"
source = "registry+https://github.com/rust-lang/crates.io-index"
checksum = "2540771e65fc8cb83cd6e8a237f70c319bd5c29f78ed1084ba5d50eeac86f7f9"

[[package]]
name = "roxmltree"
version = "0.15.0"
source = "registry+https://github.com/rust-lang/crates.io-index"
checksum = "112908c3ac4711a1554b3948432ecaf5f061a951aa326977b63f7f72a86a4c0e"
dependencies = [
 "xmlparser",
]

[[package]]
name = "rxml"
version = "0.1.0"
dependencies = [
 "heck",
 "roxmltree",
]

[[package]]
name = "wow_dbc"
version = "0.1.0"

[[package]]
name = "xmlparser"
version = "0.13.3"
source = "registry+https://github.com/rust-lang/crates.io-index"
checksum = "114ba2b24d2167ef6d67d7d04c8cc86522b87f490025f39f0303b7db5bf5e3d8"
